<?xml version="1.0" encoding="utf-8"?>
<Project ToolsVersion="4.0" xmlns="http://schemas.microsoft.com/developer/msbuild/2003">
  <ItemGroup>
    <Filter Include="소스 파일">
      <UniqueIdentifier>{4FC737F1-C7A5-4376-A066-2A32D752A2FF}</UniqueIdentifier>
      <Extensions>cpp;c;cc;cxx;def;odl;idl;hpj;bat;asm;asmx</Extensions>
    </Filter>
    <Filter Include="헤더 파일">
      <UniqueIdentifier>{93995380-89BD-4b04-88EB-625FBE52EBFB}</UniqueIdentifier>
      <Extensions>h;hh;hpp;hxx;hm;inl;inc;ipp;xsd</Extensions>
    </Filter>
    <Filter Include="리소스 파일">
      <UniqueIdentifier>{67DA6AB6-F800-4c08-8B7A-83BB121AAD01}</UniqueIdentifier>
      <Extensions>rc;ico;cur;bmp;dlg;rc2;rct;bin;rgs;gif;jpg;jpeg;jpe;resx;tiff;tif;png;wav;mfcribbon-ms</Extensions>
    </Filter>
    <Filter Include="소스 파일\programmers">
      <UniqueIdentifier>{f344b0c0-caf7-462d-a60a-428a23260a37}</UniqueIdentifier>
    </Filter>
    <Filter Include="소스 파일\codeforce">
      <UniqueIdentifier>{1e63ccd3-cd40-405a-a36c-d4bc6fafde89}</UniqueIdentifier>
    </Filter>
    <Filter Include="소스 파일\estsoft">
      <UniqueIdentifier>{fde43e29-155b-4724-9771-12412605fea0}</UniqueIdentifier>
    </Filter>
    <Filter Include="소스 파일\lineplus">
      <UniqueIdentifier>{dff2f7d8-8abf-4aef-aaeb-a8b8151eb2e1}</UniqueIdentifier>
    </Filter>
  </ItemGroup>
  <ItemGroup>
    <ClCompile Include="test.cpp">
      <Filter>소스 파일</Filter>
    </ClCompile>
    <ClCompile Include="selection.cpp">
      <Filter>소스 파일</Filter>
    </ClCompile>
    <ClCompile Include="bubble.cpp">
      <Filter>소스 파일</Filter>
    </ClCompile>
    <ClCompile Include="insertion.cpp">
      <Filter>소스 파일</Filter>
    </ClCompile>
    <ClCompile Include="quick.cpp">
      <Filter>소스 파일</Filter>
    </ClCompile>
    <ClCompile Include="1152.cpp">
      <Filter>소스 파일</Filter>
    </ClCompile>
    <ClCompile Include="1157.cpp">
      <Filter>소스 파일</Filter>
    </ClCompile>
    <ClCompile Include="1009.cpp">
      <Filter>소스 파일</Filter>
    </ClCompile>
    <ClCompile Include="11399.cpp">
      <Filter>소스 파일</Filter>
    </ClCompile>
    <ClCompile Include="11047.cpp">
      <Filter>소스 파일</Filter>
    </ClCompile>
    <ClCompile Include="1931.cpp">
      <Filter>소스 파일</Filter>
    </ClCompile>
    <ClCompile Include="5585.cpp">
      <Filter>소스 파일</Filter>
    </ClCompile>
    <ClCompile Include="2217.cpp">
      <Filter>소스 파일</Filter>
    </ClCompile>
    <ClCompile Include="10610.cpp">
      <Filter>소스 파일</Filter>
    </ClCompile>
    <ClCompile Include="2875.cpp">
      <Filter>소스 파일</Filter>
    </ClCompile>
    <ClCompile Include="1120.cpp">
      <Filter>소스 파일</Filter>
    </ClCompile>
    <ClCompile Include="10808.cpp">
      <Filter>소스 파일</Filter>
    </ClCompile>
    <ClCompile Include="vector_test.cpp">
      <Filter>소스 파일</Filter>
    </ClCompile>
    <ClCompile Include="1406.cpp">
      <Filter>소스 파일</Filter>
    </ClCompile>
    <ClCompile Include="2577.cpp">
      <Filter>소스 파일</Filter>
    </ClCompile>
    <ClCompile Include="1475.cpp">
      <Filter>소스 파일</Filter>
    </ClCompile>
    <ClCompile Include="1158.cpp">
      <Filter>소스 파일</Filter>
    </ClCompile>
    <ClCompile Include="10828.cpp">
      <Filter>소스 파일</Filter>
    </ClCompile>
    <ClCompile Include="10845.cpp">
      <Filter>소스 파일</Filter>
    </ClCompile>
    <ClCompile Include="10866.cpp">
      <Filter>소스 파일</Filter>
    </ClCompile>
    <ClCompile Include="1874.cpp">
      <Filter>소스 파일</Filter>
    </ClCompile>
    <ClCompile Include="1021.cpp">
      <Filter>소스 파일</Filter>
    </ClCompile>
    <ClCompile Include="5430.cpp">
      <Filter>소스 파일</Filter>
    </ClCompile>
    <ClCompile Include="9012.cpp">
      <Filter>소스 파일</Filter>
    </ClCompile>
    <ClCompile Include="10799.cpp">
      <Filter>소스 파일</Filter>
    </ClCompile>
    <ClCompile Include="2504.cpp">
      <Filter>소스 파일</Filter>
    </ClCompile>
    <ClCompile Include="2493.cpp">
      <Filter>소스 파일</Filter>
    </ClCompile>
    <ClCompile Include="1926.cpp">
      <Filter>소스 파일</Filter>
    </ClCompile>
    <ClCompile Include="2178.cpp">
      <Filter>소스 파일</Filter>
    </ClCompile>
    <ClCompile Include="2667.cpp">
      <Filter>소스 파일</Filter>
    </ClCompile>
    <ClCompile Include="7576.cpp">
      <Filter>소스 파일</Filter>
    </ClCompile>
    <ClCompile Include="11720.cpp">
      <Filter>소스 파일</Filter>
    </ClCompile>
    <ClCompile Include="1012.cpp">
      <Filter>소스 파일</Filter>
    </ClCompile>
    <ClCompile Include="1629.cpp">
      <Filter>소스 파일</Filter>
    </ClCompile>
    <ClCompile Include="1074.cpp">
      <Filter>소스 파일</Filter>
    </ClCompile>
    <ClCompile Include="2447.cpp">
      <Filter>소스 파일</Filter>
    </ClCompile>
    <ClCompile Include="2448.cpp">
      <Filter>소스 파일</Filter>
    </ClCompile>
    <ClCompile Include="1019.cpp">
      <Filter>소스 파일</Filter>
    </ClCompile>
    <ClCompile Include="2583.cpp">
      <Filter>소스 파일</Filter>
    </ClCompile>
    <ClCompile Include="1914.cpp">
      <Filter>소스 파일</Filter>
    </ClCompile>
    <ClCompile Include="4811.cpp">
      <Filter>소스 파일</Filter>
    </ClCompile>
    <ClCompile Include="15649.cpp">
      <Filter>소스 파일</Filter>
    </ClCompile>
    <ClCompile Include="15650.cpp">
      <Filter>소스 파일</Filter>
    </ClCompile>
    <ClCompile Include="15651.cpp">
      <Filter>소스 파일</Filter>
    </ClCompile>
    <ClCompile Include="15652.cpp">
      <Filter>소스 파일</Filter>
    </ClCompile>
    <ClCompile Include="15654.cpp">
      <Filter>소스 파일</Filter>
    </ClCompile>
    <ClCompile Include="15655.cpp">
      <Filter>소스 파일</Filter>
    </ClCompile>
    <ClCompile Include="15656.cpp">
      <Filter>소스 파일</Filter>
    </ClCompile>
    <ClCompile Include="15657.cpp">
      <Filter>소스 파일</Filter>
    </ClCompile>
    <ClCompile Include="15663.cpp">
      <Filter>소스 파일</Filter>
    </ClCompile>
    <ClCompile Include="15664.cpp">
      <Filter>소스 파일</Filter>
    </ClCompile>
    <ClCompile Include="15665.cpp">
      <Filter>소스 파일</Filter>
    </ClCompile>
    <ClCompile Include="15666.cpp">
      <Filter>소스 파일</Filter>
    </ClCompile>
    <ClCompile Include="9663.cpp">
      <Filter>소스 파일</Filter>
    </ClCompile>
    <ClCompile Include="1182.cpp">
      <Filter>소스 파일</Filter>
    </ClCompile>
    <ClCompile Include="2455.cpp">
      <Filter>소스 파일</Filter>
    </ClCompile>
    <ClCompile Include="6603.cpp">
      <Filter>소스 파일</Filter>
    </ClCompile>
    <ClCompile Include="1759.cpp">
      <Filter>소스 파일</Filter>
    </ClCompile>
    <ClCompile Include="1799.cpp">
      <Filter>소스 파일</Filter>
    </ClCompile>
    <ClCompile Include="1094.cpp">
      <Filter>소스 파일</Filter>
    </ClCompile>
    <ClCompile Include="1966.cpp">
      <Filter>소스 파일</Filter>
    </ClCompile>
    <ClCompile Include="14503.cpp">
      <Filter>소스 파일</Filter>
    </ClCompile>
    <ClCompile Include="11728.cpp">
      <Filter>소스 파일</Filter>
    </ClCompile>
    <ClCompile Include="1427.cpp">
      <Filter>소스 파일</Filter>
    </ClCompile>
    <ClCompile Include="1026.cpp">
      <Filter>소스 파일</Filter>
    </ClCompile>
    <ClCompile Include="10989.cpp">
      <Filter>소스 파일</Filter>
    </ClCompile>
    <ClCompile Include="1181.cpp">
      <Filter>소스 파일</Filter>
    </ClCompile>
    <ClCompile Include="11650.cpp">
      <Filter>소스 파일</Filter>
    </ClCompile>
    <ClCompile Include="10814.cpp">
      <Filter>소스 파일</Filter>
    </ClCompile>
    <ClCompile Include="1463.cpp">
      <Filter>소스 파일</Filter>
    </ClCompile>
    <ClCompile Include="2579.cpp">
      <Filter>소스 파일</Filter>
    </ClCompile>
    <ClCompile Include="1149.cpp">
      <Filter>소스 파일</Filter>
    </ClCompile>
    <ClCompile Include="11726.cpp">
      <Filter>소스 파일</Filter>
    </ClCompile>
    <ClCompile Include="1912.cpp">
      <Filter>소스 파일</Filter>
    </ClCompile>
    <ClCompile Include="11053.cpp">
      <Filter>소스 파일</Filter>
    </ClCompile>
    <ClCompile Include="2293.cpp">
      <Filter>소스 파일</Filter>
    </ClCompile>
    <ClCompile Include="9095.cpp">
      <Filter>소스 파일</Filter>
    </ClCompile>
    <ClCompile Include="1932.cpp">
      <Filter>소스 파일</Filter>
    </ClCompile>
    <ClCompile Include="11052.cpp">
      <Filter>소스 파일</Filter>
    </ClCompile>
    <ClCompile Include="2167.cpp">
      <Filter>소스 파일</Filter>
    </ClCompile>
    <ClCompile Include="2557.cpp">
      <Filter>소스 파일</Filter>
    </ClCompile>
    <ClCompile Include="10869.cpp">
      <Filter>소스 파일</Filter>
    </ClCompile>
    <ClCompile Include="9498.cpp">
      <Filter>소스 파일</Filter>
    </ClCompile>
    <ClCompile Include="2752.cpp">
      <Filter>소스 파일</Filter>
    </ClCompile>
    <ClCompile Include="2753.cpp">
      <Filter>소스 파일</Filter>
    </ClCompile>
    <ClCompile Include="2480.cpp">
      <Filter>소스 파일</Filter>
    </ClCompile>
    <ClCompile Include="2490.cpp">
      <Filter>소스 파일</Filter>
    </ClCompile>
    <ClCompile Include="2562.cpp">
      <Filter>소스 파일</Filter>
    </ClCompile>
    <ClCompile Include="2576.cpp">
      <Filter>소스 파일</Filter>
    </ClCompile>
    <ClCompile Include="2587.cpp">
      <Filter>소스 파일</Filter>
    </ClCompile>
    <ClCompile Include="2309.cpp">
      <Filter>소스 파일</Filter>
    </ClCompile>
    <ClCompile Include="10093.cpp">
      <Filter>소스 파일</Filter>
    </ClCompile>
    <ClCompile Include="1267.cpp">
      <Filter>소스 파일</Filter>
    </ClCompile>
    <ClCompile Include="10804.cpp">
      <Filter>소스 파일</Filter>
    </ClCompile>
    <ClCompile Include="2438.cpp">
      <Filter>소스 파일</Filter>
    </ClCompile>
    <ClCompile Include="2440.cpp">
      <Filter>소스 파일</Filter>
    </ClCompile>
    <ClCompile Include="2441.cpp">
      <Filter>소스 파일</Filter>
    </ClCompile>
    <ClCompile Include="2442.cpp">
      <Filter>소스 파일</Filter>
    </ClCompile>
    <ClCompile Include="2443.cpp">
      <Filter>소스 파일</Filter>
    </ClCompile>
    <ClCompile Include="2444.cpp">
      <Filter>소스 파일</Filter>
    </ClCompile>
    <ClCompile Include="2445.cpp">
      <Filter>소스 파일</Filter>
    </ClCompile>
    <ClCompile Include="2446.cpp">
      <Filter>소스 파일</Filter>
    </ClCompile>
    <ClCompile Include="10807.cpp">
      <Filter>소스 파일</Filter>
    </ClCompile>
    <ClCompile Include="11328.cpp">
      <Filter>소스 파일</Filter>
    </ClCompile>
    <ClCompile Include="13300.cpp">
      <Filter>소스 파일</Filter>
    </ClCompile>
    <ClCompile Include="5397.cpp">
      <Filter>소스 파일</Filter>
    </ClCompile>
    <ClCompile Include="1919.cpp">
      <Filter>소스 파일</Filter>
    </ClCompile>
    <ClCompile Include="2504_2.cpp">
      <Filter>소스 파일</Filter>
    </ClCompile>
    <ClCompile Include="1926_2.cpp">
      <Filter>소스 파일</Filter>
    </ClCompile>
    <ClCompile Include="10026.cpp">
      <Filter>소스 파일</Filter>
    </ClCompile>
    <ClCompile Include="1260.cpp">
      <Filter>소스 파일</Filter>
    </ClCompile>
    <ClCompile Include="3184.cpp">
      <Filter>소스 파일</Filter>
    </ClCompile>
    <ClCompile Include="1001.cpp">
      <Filter>소스 파일</Filter>
    </ClCompile>
    <ClCompile Include="10998.cpp">
      <Filter>소스 파일</Filter>
    </ClCompile>
    <ClCompile Include="10430.cpp">
      <Filter>소스 파일</Filter>
    </ClCompile>
    <ClCompile Include="2588.cpp">
      <Filter>소스 파일</Filter>
    </ClCompile>
    <ClCompile Include="11724.cpp">
      <Filter>소스 파일</Filter>
    </ClCompile>
    <ClCompile Include="1330.cpp">
      <Filter>소스 파일</Filter>
    </ClCompile>
    <ClCompile Include="2739.cpp">
      <Filter>소스 파일</Filter>
    </ClCompile>
    <ClCompile Include="10950.cpp">
      <Filter>소스 파일</Filter>
    </ClCompile>
    <ClCompile Include="8393.cpp">
      <Filter>소스 파일</Filter>
    </ClCompile>
    <ClCompile Include="2742.cpp">
      <Filter>소스 파일</Filter>
    </ClCompile>
    <ClCompile Include="11022.cpp">
      <Filter>소스 파일</Filter>
    </ClCompile>
    <ClCompile Include="10951.cpp">
      <Filter>소스 파일</Filter>
    </ClCompile>
    <ClCompile Include="10818.cpp">
      <Filter>소스 파일</Filter>
    </ClCompile>
    <ClCompile Include="2920.cpp">
      <Filter>소스 파일</Filter>
    </ClCompile>
    <ClCompile Include="3052.cpp">
      <Filter>소스 파일</Filter>
    </ClCompile>
    <ClCompile Include="1546.cpp">
      <Filter>소스 파일</Filter>
    </ClCompile>
    <ClCompile Include="8958.cpp">
      <Filter>소스 파일</Filter>
    </ClCompile>
    <ClCompile Include="4344.cpp">
      <Filter>소스 파일</Filter>
    </ClCompile>
    <ClCompile Include="15596.cpp">
      <Filter>소스 파일</Filter>
    </ClCompile>
    <ClCompile Include="4673.cpp">
      <Filter>소스 파일</Filter>
    </ClCompile>
    <ClCompile Include="1065.cpp">
      <Filter>소스 파일</Filter>
    </ClCompile>
    <ClCompile Include="11654.cpp">
      <Filter>소스 파일</Filter>
    </ClCompile>
    <ClCompile Include="10809.cpp">
      <Filter>소스 파일</Filter>
    </ClCompile>
    <ClCompile Include="2675.cpp">
      <Filter>소스 파일</Filter>
    </ClCompile>
    <ClCompile Include="2908.cpp">
      <Filter>소스 파일</Filter>
    </ClCompile>
    <ClCompile Include="5622.cpp">
      <Filter>소스 파일</Filter>
    </ClCompile>
    <ClCompile Include="2941.cpp">
      <Filter>소스 파일</Filter>
    </ClCompile>
    <ClCompile Include="1316.cpp">
      <Filter>소스 파일</Filter>
    </ClCompile>
    <ClCompile Include="15894.cpp">
      <Filter>소스 파일</Filter>
    </ClCompile>
    <ClCompile Include="2839.cpp">
      <Filter>소스 파일</Filter>
    </ClCompile>
    <ClCompile Include="1924.cpp">
      <Filter>소스 파일</Filter>
    </ClCompile>
    <ClCompile Include="11721.cpp">
      <Filter>소스 파일</Filter>
    </ClCompile>
    <ClCompile Include="11719.cpp">
      <Filter>소스 파일</Filter>
    </ClCompile>
    <ClCompile Include="1193.cpp">
      <Filter>소스 파일</Filter>
    </ClCompile>
    <ClCompile Include="11050.cpp">
      <Filter>소스 파일</Filter>
    </ClCompile>
    <ClCompile Include="1032.cpp">
      <Filter>소스 파일</Filter>
    </ClCompile>
    <ClCompile Include="1977.cpp">
      <Filter>소스 파일</Filter>
    </ClCompile>
    <ClCompile Include="10798.cpp">
      <Filter>소스 파일</Filter>
    </ClCompile>
    <ClCompile Include="10988.cpp">
      <Filter>소스 파일</Filter>
    </ClCompile>
    <ClCompile Include="11655_2.cpp">
      <Filter>소스 파일</Filter>
    </ClCompile>
    <ClCompile Include="1652.cpp">
      <Filter>소스 파일</Filter>
    </ClCompile>
    <ClCompile Include="11005.cpp">
      <Filter>소스 파일</Filter>
    </ClCompile>
    <ClCompile Include="2740.cpp">
      <Filter>소스 파일</Filter>
    </ClCompile>
    <ClCompile Include="2750.cpp">
      <Filter>소스 파일</Filter>
    </ClCompile>
    <ClCompile Include="2751.cpp">
      <Filter>소스 파일</Filter>
    </ClCompile>
    <ClCompile Include="2609.cpp">
      <Filter>소스 파일</Filter>
    </ClCompile>
    <ClCompile Include="2748.cpp">
      <Filter>소스 파일</Filter>
    </ClCompile>
    <ClCompile Include="1010.cpp">
      <Filter>소스 파일</Filter>
    </ClCompile>
    <ClCompile Include="1476.cpp">
      <Filter>소스 파일</Filter>
    </ClCompile>
    <ClCompile Include="7568.cpp">
      <Filter>소스 파일</Filter>
    </ClCompile>
    <ClCompile Include="1037.cpp">
      <Filter>소스 파일</Filter>
    </ClCompile>
    <ClCompile Include="11651.cpp">
      <Filter>소스 파일</Filter>
    </ClCompile>
    <ClCompile Include="1018.cpp">
      <Filter>소스 파일</Filter>
    </ClCompile>
    <ClCompile Include="11004.cpp">
      <Filter>소스 파일</Filter>
    </ClCompile>
    <ClCompile Include="1764.cpp">
      <Filter>소스 파일</Filter>
    </ClCompile>
    <ClCompile Include="1978.cpp">
      <Filter>소스 파일</Filter>
    </ClCompile>
    <ClCompile Include="1002.cpp">
      <Filter>소스 파일</Filter>
    </ClCompile>
    <ClCompile Include="1934.cpp">
      <Filter>소스 파일</Filter>
    </ClCompile>
    <ClCompile Include="2581.cpp">
      <Filter>소스 파일</Filter>
    </ClCompile>
    <ClCompile Include="14501.cpp">
      <Filter>소스 파일</Filter>
    </ClCompile>
    <ClCompile Include="1920.cpp">
      <Filter>소스 파일</Filter>
    </ClCompile>
    <ClCompile Include="10815.cpp">
      <Filter>소스 파일</Filter>
    </ClCompile>
    <ClCompile Include="1004.cpp">
      <Filter>소스 파일</Filter>
    </ClCompile>
    <ClCompile Include="11866.cpp">
      <Filter>소스 파일</Filter>
    </ClCompile>
    <ClCompile Include="2960.cpp">
      <Filter>소스 파일</Filter>
    </ClCompile>
    <ClCompile Include="10773.cpp">
      <Filter>소스 파일</Filter>
    </ClCompile>
    <ClCompile Include="2108.cpp">
      <Filter>소스 파일</Filter>
    </ClCompile>
    <ClCompile Include="11656.cpp">
      <Filter>소스 파일</Filter>
    </ClCompile>
    <ClCompile Include="10825.cpp">
      <Filter>소스 파일</Filter>
    </ClCompile>
    <ClCompile Include="2164.cpp">
      <Filter>소스 파일</Filter>
    </ClCompile>
    <ClCompile Include="1292.cpp">
      <Filter>소스 파일</Filter>
    </ClCompile>
    <ClCompile Include="10972.cpp">
      <Filter>소스 파일</Filter>
    </ClCompile>
    <ClCompile Include="9613.cpp">
      <Filter>소스 파일</Filter>
    </ClCompile>
    <ClCompile Include="10816.cpp">
      <Filter>소스 파일</Filter>
    </ClCompile>
    <ClCompile Include="11652.cpp">
      <Filter>소스 파일</Filter>
    </ClCompile>
    <ClCompile Include="1049.cpp">
      <Filter>소스 파일</Filter>
    </ClCompile>
    <ClCompile Include="2331.cpp">
      <Filter>소스 파일</Filter>
    </ClCompile>
    <ClCompile Include="1620.cpp">
      <Filter>소스 파일</Filter>
    </ClCompile>
    <ClCompile Include="4949.cpp">
      <Filter>소스 파일</Filter>
    </ClCompile>
    <ClCompile Include="1015.cpp">
      <Filter>소스 파일</Filter>
    </ClCompile>
    <ClCompile Include="3085.cpp">
      <Filter>소스 파일</Filter>
    </ClCompile>
    <ClCompile Include="3986.cpp">
      <Filter>소스 파일</Filter>
    </ClCompile>
    <ClCompile Include="9375.cpp">
      <Filter>소스 파일</Filter>
    </ClCompile>
    <ClCompile Include="1003.cpp">
      <Filter>소스 파일</Filter>
    </ClCompile>
    <ClCompile Include="2193.cpp">
      <Filter>소스 파일</Filter>
    </ClCompile>
    <ClCompile Include="1149_2.cpp">
      <Filter>소스 파일</Filter>
    </ClCompile>
    <ClCompile Include="11727.cpp">
      <Filter>소스 파일</Filter>
    </ClCompile>
    <ClCompile Include="9461.cpp">
      <Filter>소스 파일</Filter>
    </ClCompile>
    <ClCompile Include="10799_2.cpp">
      <Filter>소스 파일</Filter>
    </ClCompile>
    <ClCompile Include="1966_2.cpp">
      <Filter>소스 파일</Filter>
    </ClCompile>
    <ClCompile Include="2805.cpp">
      <Filter>소스 파일</Filter>
    </ClCompile>
    <ClCompile Include="binary.cpp">
      <Filter>소스 파일</Filter>
    </ClCompile>
    <ClCompile Include="1654.cpp">
      <Filter>소스 파일</Filter>
    </ClCompile>
    <ClCompile Include="1699.cpp">
      <Filter>소스 파일</Filter>
    </ClCompile>
    <ClCompile Include="11653.cpp">
      <Filter>소스 파일</Filter>
    </ClCompile>
    <ClCompile Include="1904.cpp">
      <Filter>소스 파일</Filter>
    </ClCompile>
    <ClCompile Include="2003.cpp">
      <Filter>소스 파일</Filter>
    </ClCompile>
    <ClCompile Include="11659.cpp">
      <Filter>소스 파일</Filter>
    </ClCompile>
    <ClCompile Include="2512.cpp">
      <Filter>소스 파일</Filter>
    </ClCompile>
    <ClCompile Include="11725.cpp">
      <Filter>소스 파일</Filter>
    </ClCompile>
    <ClCompile Include="11725_2.cpp">
      <Filter>소스 파일</Filter>
    </ClCompile>
    <ClCompile Include="1748.cpp">
      <Filter>소스 파일</Filter>
    </ClCompile>
    <ClCompile Include="9507.cpp">
      <Filter>소스 파일</Filter>
    </ClCompile>
    <ClCompile Include="3036.cpp">
      <Filter>소스 파일</Filter>
    </ClCompile>
    <ClCompile Include="13241.cpp">
      <Filter>소스 파일</Filter>
    </ClCompile>
    <ClCompile Include="2302.cpp">
      <Filter>소스 파일</Filter>
    </ClCompile>
    <ClCompile Include="2630.cpp">
      <Filter>소스 파일</Filter>
    </ClCompile>
    <ClCompile Include="1051.cpp">
      <Filter>소스 파일</Filter>
    </ClCompile>
    <ClCompile Include="9372.cpp">
      <Filter>소스 파일</Filter>
    </ClCompile>
    <ClCompile Include="10826.cpp">
      <Filter>소스 파일</Filter>
    </ClCompile>
    <ClCompile Include="1431.cpp">
      <Filter>소스 파일</Filter>
    </ClCompile>
    <ClCompile Include="2346.cpp">
      <Filter>소스 파일</Filter>
    </ClCompile>
    <ClCompile Include="4307.cpp">
      <Filter>소스 파일</Filter>
    </ClCompile>
    <ClCompile Include="5347.cpp">
      <Filter>소스 파일</Filter>
    </ClCompile>
    <ClCompile Include="1935.cpp">
      <Filter>소스 파일</Filter>
    </ClCompile>
    <ClCompile Include="11441.cpp">
      <Filter>소스 파일</Filter>
    </ClCompile>
    <ClCompile Include="1449.cpp">
      <Filter>소스 파일</Filter>
    </ClCompile>
    <ClCompile Include="14490.cpp">
      <Filter>소스 파일</Filter>
    </ClCompile>
    <ClCompile Include="2776.cpp">
      <Filter>소스 파일</Filter>
    </ClCompile>
    <ClCompile Include="6591.cpp">
      <Filter>소스 파일</Filter>
    </ClCompile>
    <ClCompile Include="2559.cpp">
      <Filter>소스 파일</Filter>
    </ClCompile>
    <ClCompile Include="2851.cpp">
      <Filter>소스 파일</Filter>
    </ClCompile>
    <ClCompile Include="1834.cpp">
      <Filter>소스 파일</Filter>
    </ClCompile>
    <ClCompile Include="1929.cpp">
      <Filter>소스 파일</Filter>
    </ClCompile>
    <ClCompile Include="2606.cpp">
      <Filter>소스 파일</Filter>
    </ClCompile>
    <ClCompile Include="11403.cpp">
      <Filter>소스 파일</Filter>
    </ClCompile>
    <ClCompile Include="4948.cpp">
      <Filter>소스 파일</Filter>
    </ClCompile>
    <ClCompile Include="2292.cpp">
      <Filter>소스 파일</Filter>
    </ClCompile>
    <ClCompile Include="4963.cpp">
      <Filter>소스 파일</Filter>
    </ClCompile>
    <ClCompile Include="11055.cpp">
      <Filter>소스 파일</Filter>
    </ClCompile>
    <ClCompile Include="17478.cpp">
      <Filter>소스 파일</Filter>
    </ClCompile>
    <ClCompile Include="11729.cpp">
      <Filter>소스 파일</Filter>
    </ClCompile>
    <ClCompile Include="1676.cpp">
      <Filter>소스 파일</Filter>
    </ClCompile>
    <ClCompile Include="2475.cpp">
      <Filter>소스 파일</Filter>
    </ClCompile>
    <ClCompile Include="10172.cpp">
      <Filter>소스 파일</Filter>
    </ClCompile>
    <ClCompile Include="2133.cpp">
      <Filter>소스 파일</Filter>
    </ClCompile>
    <ClCompile Include="11722.cpp">
      <Filter>소스 파일</Filter>
    </ClCompile>
    <ClCompile Include="10819.cpp">
      <Filter>소스 파일</Filter>
    </ClCompile>
    <ClCompile Include="PandC.cpp">
      <Filter>소스 파일</Filter>
    </ClCompile>
    <ClCompile Include="10250.cpp">
      <Filter>소스 파일</Filter>
    </ClCompile>
    <ClCompile Include="1085.cpp">
      <Filter>소스 파일</Filter>
    </ClCompile>
    <ClCompile Include="2798.cpp">
      <Filter>소스 파일</Filter>
    </ClCompile>
    <ClCompile Include="1890.cpp">
      <Filter>소스 파일</Filter>
    </ClCompile>
    <ClCompile Include="10974.cpp">
      <Filter>소스 파일</Filter>
    </ClCompile>
    <ClCompile Include="1057.cpp">
      <Filter>소스 파일</Filter>
    </ClCompile>
    <ClCompile Include="2644.cpp">
      <Filter>소스 파일</Filter>
    </ClCompile>
    <ClCompile Include="1780.cpp">
      <Filter>소스 파일</Filter>
    </ClCompile>
    <ClCompile Include="1735.cpp">
      <Filter>소스 파일</Filter>
    </ClCompile>
    <ClCompile Include="1965.cpp">
      <Filter>소스 파일</Filter>
    </ClCompile>
    <ClCompile Include="10971.cpp">
      <Filter>소스 파일</Filter>
    </ClCompile>
    <ClCompile Include="15988.cpp">
      <Filter>소스 파일</Filter>
    </ClCompile>
    <ClCompile Include="11279.cpp">
      <Filter>소스 파일</Filter>
    </ClCompile>
    <ClCompile Include="1541.cpp">
      <Filter>소스 파일</Filter>
    </ClCompile>
    <ClCompile Include="2011.cpp">
      <Filter>소스 파일</Filter>
    </ClCompile>
    <ClCompile Include="1927.cpp">
      <Filter>소스 파일</Filter>
    </ClCompile>
    <ClCompile Include="2004.cpp">
      <Filter>소스 파일</Filter>
    </ClCompile>
    <ClCompile Include="1850.cpp">
      <Filter>소스 파일</Filter>
    </ClCompile>
    <ClCompile Include="2110.cpp">
      <Filter>소스 파일</Filter>
    </ClCompile>
    <ClCompile Include="2583_2.cpp">
      <Filter>소스 파일</Filter>
    </ClCompile>
    <ClCompile Include="2667_2.cpp">
      <Filter>소스 파일</Filter>
    </ClCompile>
    <ClCompile Include="1759_2.cpp">
      <Filter>소스 파일</Filter>
    </ClCompile>
    <ClCompile Include="1987.cpp">
      <Filter>소스 파일</Filter>
    </ClCompile>
    <ClCompile Include="9019.cpp">
      <Filter>소스 파일</Filter>
    </ClCompile>
    <ClCompile Include="14889.cpp">
      <Filter>소스 파일</Filter>
    </ClCompile>
    <ClCompile Include="16956.cpp">
      <Filter>소스 파일</Filter>
    </ClCompile>
    <ClCompile Include="5014.cpp">
      <Filter>소스 파일</Filter>
    </ClCompile>
    <ClCompile Include="2580.cpp">
      <Filter>소스 파일</Filter>
    </ClCompile>
    <ClCompile Include="15684.cpp">
      <Filter>소스 파일</Filter>
    </ClCompile>
    <ClCompile Include="2468.cpp">
      <Filter>소스 파일</Filter>
    </ClCompile>
    <ClCompile Include="6593.cpp">
      <Filter>소스 파일</Filter>
    </ClCompile>
    <ClCompile Include="13459.cpp">
      <Filter>소스 파일</Filter>
    </ClCompile>
    <ClCompile Include="13460.cpp">
      <Filter>소스 파일</Filter>
    </ClCompile>
    <ClCompile Include="12851.cpp">
      <Filter>소스 파일</Filter>
    </ClCompile>
    <ClCompile Include="13913.cpp">
      <Filter>소스 파일</Filter>
    </ClCompile>
    <ClCompile Include="15653.cpp">
      <Filter>소스 파일</Filter>
    </ClCompile>
    <ClCompile Include="2210.cpp">
      <Filter>소스 파일</Filter>
    </ClCompile>
    <ClCompile Include="1753.cpp">
      <Filter>소스 파일</Filter>
    </ClCompile>
    <ClCompile Include="14502.cpp">
      <Filter>소스 파일</Filter>
    </ClCompile>
    <ClCompile Include="17141_2.cpp">
      <Filter>소스 파일</Filter>
    </ClCompile>
    <ClCompile Include="17142.cpp">
      <Filter>소스 파일</Filter>
    </ClCompile>
    <ClCompile Include="17090.cpp">
      <Filter>소스 파일</Filter>
    </ClCompile>
    <ClCompile Include="3055.cpp">
      <Filter>소스 파일</Filter>
    </ClCompile>
    <ClCompile Include="14923.cpp">
      <Filter>소스 파일</Filter>
    </ClCompile>
    <ClCompile Include="1726.cpp">
      <Filter>소스 파일</Filter>
    </ClCompile>
    <ClCompile Include="4991.cpp">
      <Filter>소스 파일</Filter>
    </ClCompile>
    <ClCompile Include="14503_2.cpp">
      <Filter>소스 파일</Filter>
    </ClCompile>
    <ClCompile Include="17140.cpp">
      <Filter>소스 파일</Filter>
    </ClCompile>
    <ClCompile Include="1697.cpp">
      <Filter>소스 파일</Filter>
    </ClCompile>
    <ClCompile Include="7569.cpp">
      <Filter>소스 파일</Filter>
    </ClCompile>
    <ClCompile Include="7562.cpp">
      <Filter>소스 파일</Filter>
    </ClCompile>
    <ClCompile Include="16234.cpp">
      <Filter>소스 파일</Filter>
    </ClCompile>
    <ClCompile Include="16235.cpp">
      <Filter>소스 파일</Filter>
    </ClCompile>
    <ClCompile Include="14890.cpp">
      <Filter>소스 파일</Filter>
    </ClCompile>
    <ClCompile Include="17143.cpp">
      <Filter>소스 파일</Filter>
    </ClCompile>
    <ClCompile Include="17144.cpp">
      <Filter>소스 파일</Filter>
    </ClCompile>
    <ClCompile Include="16918.cpp">
      <Filter>소스 파일</Filter>
    </ClCompile>
    <ClCompile Include="11559.cpp">
      <Filter>소스 파일</Filter>
    </ClCompile>
    <ClCompile Include="18291.cpp">
      <Filter>소스 파일</Filter>
    </ClCompile>
    <ClCompile Include="1100.cpp">
      <Filter>소스 파일</Filter>
    </ClCompile>
    <ClCompile Include="16236.cpp">
      <Filter>소스 파일</Filter>
    </ClCompile>
    <ClCompile Include="2206.cpp">
      <Filter>소스 파일</Filter>
    </ClCompile>
    <ClCompile Include="14442.cpp">
      <Filter>소스 파일</Filter>
    </ClCompile>
    <ClCompile Include="2589.cpp">
      <Filter>소스 파일</Filter>
    </ClCompile>
    <ClCompile Include="1389.cpp">
      <Filter>소스 파일</Filter>
    </ClCompile>
    <ClCompile Include="1707.cpp">
      <Filter>소스 파일</Filter>
    </ClCompile>
    <ClCompile Include="2573.cpp">
      <Filter>소스 파일</Filter>
    </ClCompile>
    <ClCompile Include="2146.cpp">
      <Filter>소스 파일</Filter>
    </ClCompile>
    <ClCompile Include="2902.cpp">
      <Filter>소스 파일</Filter>
    </ClCompile>
    <ClCompile Include="1543.cpp">
      <Filter>소스 파일</Filter>
    </ClCompile>
    <ClCompile Include="5567.cpp">
      <Filter>소스 파일</Filter>
    </ClCompile>
    <ClCompile Include="3190.cpp">
      <Filter>소스 파일</Filter>
    </ClCompile>
    <ClCompile Include="13458.cpp">
      <Filter>소스 파일</Filter>
    </ClCompile>
    <ClCompile Include="14499.cpp">
      <Filter>소스 파일</Filter>
    </ClCompile>
    <ClCompile Include="14501_2.cpp">
      <Filter>소스 파일</Filter>
    </ClCompile>
    <ClCompile Include="12100.cpp">
      <Filter>소스 파일</Filter>
    </ClCompile>
    <ClCompile Include="14500.cpp">
      <Filter>소스 파일</Filter>
    </ClCompile>
    <ClCompile Include="14888.cpp">
      <Filter>소스 파일</Filter>
    </ClCompile>
    <ClCompile Include="15683.cpp">
      <Filter>소스 파일</Filter>
    </ClCompile>
    <ClCompile Include="15686.cpp">
      <Filter>소스 파일</Filter>
    </ClCompile>
    <ClCompile Include="14891.cpp">
      <Filter>소스 파일</Filter>
    </ClCompile>
    <ClCompile Include="2156.cpp">
      <Filter>소스 파일</Filter>
    </ClCompile>
    <ClCompile Include="10844.cpp">
      <Filter>소스 파일</Filter>
    </ClCompile>
    <ClCompile Include="2231.cpp">
      <Filter>소스 파일</Filter>
    </ClCompile>
    <ClCompile Include="1107.cpp">
      <Filter>소스 파일</Filter>
    </ClCompile>
    <ClCompile Include="9205.cpp">
      <Filter>소스 파일</Filter>
    </ClCompile>
    <ClCompile Include="10448.cpp">
      <Filter>소스 파일</Filter>
    </ClCompile>
    <ClCompile Include="2503.cpp">
      <Filter>소스 파일</Filter>
    </ClCompile>
    <ClCompile Include="6124.cpp">
      <Filter>소스 파일</Filter>
    </ClCompile>
    <ClCompile Include="1072.cpp">
      <Filter>소스 파일</Filter>
    </ClCompile>
    <ClCompile Include="10039.cpp">
      <Filter>소스 파일</Filter>
    </ClCompile>
    <ClCompile Include="10872.cpp">
      <Filter>소스 파일</Filter>
    </ClCompile>
    <ClCompile Include="10797.cpp">
      <Filter>소스 파일</Filter>
    </ClCompile>
    <ClCompile Include="5543.cpp">
      <Filter>소스 파일</Filter>
    </ClCompile>
    <ClCompile Include="1789.cpp">
      <Filter>소스 파일</Filter>
    </ClCompile>
    <ClCompile Include="5565.cpp">
      <Filter>소스 파일</Filter>
    </ClCompile>
    <ClCompile Include="9465.cpp">
      <Filter>소스 파일</Filter>
    </ClCompile>
    <ClCompile Include="15486.cpp">
      <Filter>소스 파일</Filter>
    </ClCompile>
    <ClCompile Include="15685.cpp">
      <Filter>소스 파일</Filter>
    </ClCompile>
    <ClCompile Include="1261.cpp">
      <Filter>소스 파일</Filter>
    </ClCompile>
    <ClCompile Include="1347.cpp">
      <Filter>소스 파일</Filter>
    </ClCompile>
    <ClCompile Include="2665.cpp">
      <Filter>소스 파일</Filter>
    </ClCompile>
    <ClCompile Include="15662.cpp">
      <Filter>소스 파일</Filter>
    </ClCompile>
    <ClCompile Include="14891_2.cpp">
      <Filter>소스 파일</Filter>
    </ClCompile>
    <ClCompile Include="10867.cpp">
      <Filter>소스 파일</Filter>
    </ClCompile>
    <ClCompile Include="2485.cpp">
      <Filter>소스 파일</Filter>
    </ClCompile>
    <ClCompile Include="11286.cpp">
      <Filter>소스 파일</Filter>
    </ClCompile>
    <ClCompile Include="13549.cpp">
      <Filter>소스 파일</Filter>
    </ClCompile>
    <ClCompile Include="1920_2.cpp">
      <Filter>소스 파일</Filter>
    </ClCompile>
    <ClCompile Include="2750_2.cpp">
      <Filter>소스 파일</Filter>
    </ClCompile>
    <ClCompile Include="10815_2.cpp">
      <Filter>소스 파일</Filter>
    </ClCompile>
    <ClCompile Include="10828_2.cpp">
      <Filter>소스 파일</Filter>
    </ClCompile>
    <ClCompile Include="10845_2.cpp">
      <Filter>소스 파일</Filter>
    </ClCompile>
    <ClCompile Include="1406_2.cpp">
      <Filter>소스 파일</Filter>
    </ClCompile>
    <ClCompile Include="1026_2.cpp">
      <Filter>소스 파일</Filter>
    </ClCompile>
    <ClCompile Include="1181_2.cpp">
      <Filter>소스 파일</Filter>
    </ClCompile>
    <ClCompile Include="11650_2.cpp">
      <Filter>소스 파일</Filter>
    </ClCompile>
    <ClCompile Include="11651_2.cpp">
      <Filter>소스 파일</Filter>
    </ClCompile>
    <ClCompile Include="10816_2.cpp">
      <Filter>소스 파일</Filter>
    </ClCompile>
    <ClCompile Include="9012_2.cpp">
      <Filter>소스 파일</Filter>
    </ClCompile>
    <ClCompile Include="1874_2.cpp">
      <Filter>소스 파일</Filter>
    </ClCompile>
    <ClCompile Include="1158_2.cpp">
      <Filter>소스 파일</Filter>
    </ClCompile>
    <ClCompile Include="1966_3.cpp">
      <Filter>소스 파일</Filter>
    </ClCompile>
    <ClCompile Include="5430_2.cpp">
      <Filter>소스 파일</Filter>
    </ClCompile>
    <ClCompile Include="6603_2.cpp">
      <Filter>소스 파일</Filter>
    </ClCompile>
    <ClCompile Include="1182_2.cpp">
      <Filter>소스 파일</Filter>
    </ClCompile>
    <ClCompile Include="p1.cpp">
      <Filter>소스 파일</Filter>
    </ClCompile>
    <ClCompile Include="p2.cpp">
      <Filter>소스 파일</Filter>
    </ClCompile>
    <ClCompile Include="p3.cpp">
      <Filter>소스 파일</Filter>
    </ClCompile>
    <ClCompile Include="p4.cpp">
      <Filter>소스 파일</Filter>
    </ClCompile>
    <ClCompile Include="p5.cpp">
      <Filter>소스 파일</Filter>
    </ClCompile>
    <ClCompile Include="p6.cpp">
      <Filter>소스 파일</Filter>
    </ClCompile>
    <ClCompile Include="p7.cpp">
      <Filter>소스 파일</Filter>
    </ClCompile>
    <ClCompile Include="p8.cpp">
      <Filter>소스 파일</Filter>
    </ClCompile>
    <ClCompile Include="p9.cpp">
      <Filter>소스 파일</Filter>
    </ClCompile>
    <ClCompile Include="1600.cpp">
      <Filter>소스 파일</Filter>
    </ClCompile>
    <ClCompile Include="1389_2.cpp">
      <Filter>소스 파일</Filter>
    </ClCompile>
    <ClCompile Include="1296.cpp">
      <Filter>소스 파일</Filter>
    </ClCompile>
    <ClCompile Include="1755.cpp">
      <Filter>소스 파일</Filter>
    </ClCompile>
    <ClCompile Include="div3_1.cpp">
      <Filter>소스 파일</Filter>
    </ClCompile>
    <ClCompile Include="2012.cpp">
      <Filter>소스 파일</Filter>
    </ClCompile>
    <ClCompile Include="1758.cpp">
      <Filter>소스 파일</Filter>
    </ClCompile>
    <ClCompile Include="1895.cpp">
      <Filter>소스 파일</Filter>
    </ClCompile>
    <ClCompile Include="1940.cpp">
      <Filter>소스 파일</Filter>
    </ClCompile>
    <ClCompile Include="2036.cpp">
      <Filter>소스 파일</Filter>
    </ClCompile>
    <ClCompile Include="2204.cpp">
      <Filter>소스 파일</Filter>
    </ClCompile>
    <ClCompile Include="2399.cpp">
      <Filter>소스 파일</Filter>
    </ClCompile>
    <ClCompile Include="2535.cpp">
      <Filter>소스 파일</Filter>
    </ClCompile>
    <ClCompile Include="2870.cpp">
      <Filter>소스 파일</Filter>
    </ClCompile>
    <ClCompile Include="2910.cpp">
      <Filter>소스 파일</Filter>
    </ClCompile>
    <ClCompile Include="test123.cpp">
      <Filter>소스 파일</Filter>
    </ClCompile>
    <ClCompile Include="11399_2.cpp">
      <Filter>소스 파일</Filter>
    </ClCompile>
    <ClCompile Include="10825_2.cpp">
      <Filter>소스 파일</Filter>
    </ClCompile>
    <ClCompile Include="11292.cpp">
      <Filter>소스 파일</Filter>
    </ClCompile>
    <ClCompile Include="sw1.cpp">
      <Filter>소스 파일</Filter>
    </ClCompile>
    <ClCompile Include="sw2.cpp">
      <Filter>소스 파일</Filter>
    </ClCompile>
    <ClCompile Include="sw3.cpp">
      <Filter>소스 파일</Filter>
    </ClCompile>
    <ClCompile Include="9093.cpp">
      <Filter>소스 파일</Filter>
    </ClCompile>
    <ClCompile Include="17413.cpp">
      <Filter>소스 파일</Filter>
    </ClCompile>
    <ClCompile Include="1963.cpp">
      <Filter>소스 파일</Filter>
    </ClCompile>
    <ClCompile Include="2479x.cpp">
      <Filter>소스 파일</Filter>
    </ClCompile>
    <ClCompile Include="9996.cpp">
      <Filter>소스 파일</Filter>
    </ClCompile>
    <ClCompile Include="2863.cpp">
      <Filter>소스 파일</Filter>
    </ClCompile>
    <ClCompile Include="2864.cpp">
      <Filter>소스 파일</Filter>
    </ClCompile>
    <ClCompile Include="10987.cpp">
      <Filter>소스 파일</Filter>
    </ClCompile>
    <ClCompile Include="5598.cpp">
      <Filter>소스 파일</Filter>
    </ClCompile>
    <ClCompile Include="2789.cpp">
      <Filter>소스 파일</Filter>
    </ClCompile>
    <ClCompile Include="9935.cpp">
      <Filter>소스 파일</Filter>
    </ClCompile>
    <ClCompile Include="5525.cpp">
      <Filter>소스 파일</Filter>
    </ClCompile>
    <ClCompile Include="5218.cpp">
      <Filter>소스 파일</Filter>
    </ClCompile>
    <ClCompile Include="5586.cpp">
      <Filter>소스 파일</Filter>
    </ClCompile>
    <ClCompile Include="2857.cpp">
      <Filter>소스 파일</Filter>
    </ClCompile>
    <ClCompile Include="9933.cpp">
      <Filter>소스 파일</Filter>
    </ClCompile>
    <ClCompile Include="1371.cpp">
      <Filter>소스 파일</Filter>
    </ClCompile>
    <ClCompile Include="3613.cpp">
      <Filter>소스 파일</Filter>
    </ClCompile>
    <ClCompile Include="1987_2.cpp">
      <Filter>소스 파일</Filter>
    </ClCompile>
    <ClCompile Include="2580_2.cpp">
      <Filter>소스 파일</Filter>
    </ClCompile>
    <ClCompile Include="div3B_627.cpp">
      <Filter>소스 파일</Filter>
    </ClCompile>
    <ClCompile Include="9019_2.cpp">
      <Filter>소스 파일</Filter>
    </ClCompile>
    <ClCompile Include="14889_2.cpp">
      <Filter>소스 파일</Filter>
    </ClCompile>
    <ClCompile Include="5014_2.cpp">
      <Filter>소스 파일</Filter>
    </ClCompile>
    <ClCompile Include="2661.cpp">
      <Filter>소스 파일</Filter>
    </ClCompile>
    <ClCompile Include="codi1.cpp">
      <Filter>소스 파일</Filter>
    </ClCompile>
    <ClCompile Include="9663_2.cpp">
      <Filter>소스 파일</Filter>
    </ClCompile>
    <ClCompile Include="18809.cpp">
      <Filter>소스 파일</Filter>
    </ClCompile>
    <ClCompile Include="11660.cpp">
      <Filter>소스 파일</Filter>
    </ClCompile>
    <ClCompile Include="4179.cpp">
      <Filter>소스 파일</Filter>
    </ClCompile>
    <ClCompile Include="11057.cpp">
      <Filter>소스 파일</Filter>
    </ClCompile>
    <ClCompile Include="11048.cpp">
      <Filter>소스 파일</Filter>
    </ClCompile>
    <ClCompile Include="11051.cpp">
      <Filter>소스 파일</Filter>
    </ClCompile>
    <ClCompile Include="1992.cpp">
      <Filter>소스 파일</Filter>
    </ClCompile>
    <ClCompile Include="1309.cpp">
      <Filter>소스 파일</Filter>
    </ClCompile>
    <ClCompile Include="2630_2.cpp">
      <Filter>소스 파일</Filter>
    </ClCompile>
    <ClCompile Include="codi2.cpp">
      <Filter>소스 파일</Filter>
    </ClCompile>
    <ClCompile Include="codi3.cpp">
      <Filter>소스 파일</Filter>
    </ClCompile>
    <ClCompile Include="codi4.cpp">
      <Filter>소스 파일</Filter>
    </ClCompile>
    <ClCompile Include="codi5.cpp">
      <Filter>소스 파일</Filter>
    </ClCompile>
    <ClCompile Include="11st_1.cpp">
      <Filter>소스 파일</Filter>
    </ClCompile>
    <ClCompile Include="11st_3.cpp">
      <Filter>소스 파일</Filter>
    </ClCompile>
    <ClCompile Include="11st_4.cpp">
      <Filter>소스 파일</Filter>
    </ClCompile>
    <ClCompile Include="hash1.cpp">
      <Filter>소스 파일\programmers</Filter>
    </ClCompile>
    <ClCompile Include="hash2.cpp">
      <Filter>소스 파일\programmers</Filter>
    </ClCompile>
    <ClCompile Include="629div3_1.cpp">
      <Filter>소스 파일\codeforce</Filter>
    </ClCompile>
    <ClCompile Include="629div3_2.cpp">
      <Filter>소스 파일\codeforce</Filter>
    </ClCompile>
    <ClCompile Include="stack_queue1.cpp">
      <Filter>소스 파일\programmers</Filter>
    </ClCompile>
    <ClCompile Include="est1.cpp">
      <Filter>소스 파일\estsoft</Filter>
    </ClCompile>
    <ClCompile Include="est2.cpp">
      <Filter>소스 파일\estsoft</Filter>
    </ClCompile>
    <ClCompile Include="est3.cpp">
      <Filter>소스 파일\estsoft</Filter>
    </ClCompile>
    <ClCompile Include="est4.cpp">
      <Filter>소스 파일\estsoft</Filter>
    </ClCompile>
    <ClCompile Include="greedy1.cpp">
      <Filter>소스 파일\programmers</Filter>
    </ClCompile>
    <ClCompile Include="brute1.cpp">
      <Filter>소스 파일\programmers</Filter>
    </ClCompile>
    <ClCompile Include="brute2.cpp">
      <Filter>소스 파일\programmers</Filter>
    </ClCompile>
    <ClCompile Include="stack_queue2.cpp">
      <Filter>소스 파일\programmers</Filter>
    </ClCompile>
    <ClCompile Include="bin1.cpp">
      <Filter>소스 파일\programmers</Filter>
    </ClCompile>
    <ClCompile Include="bin2.cpp">
      <Filter>소스 파일\programmers</Filter>
    </ClCompile>
    <ClCompile Include="3079.cpp">
      <Filter>소스 파일</Filter>
    </ClCompile>
    <ClCompile Include="heap1.cpp">
      <Filter>소스 파일\programmers</Filter>
    </ClCompile>
    <ClCompile Include="t1.cpp">
      <Filter>소스 파일</Filter>
    </ClCompile>
    <ClCompile Include="dp1.cpp">
      <Filter>소스 파일\programmers</Filter>
    </ClCompile>
    <ClCompile Include="dp2.cpp">
      <Filter>소스 파일\programmers</Filter>
    </ClCompile>
    <ClCompile Include="dp3.cpp">
      <Filter>소스 파일\programmers</Filter>
    </ClCompile>
    <ClCompile Include="dp4.cpp">
      <Filter>소스 파일\programmers</Filter>
    </ClCompile>
    <ClCompile Include="2294.cpp">
      <Filter>소스 파일</Filter>
    </ClCompile>
    <ClCompile Include="9251.cpp">
      <Filter>소스 파일</Filter>
    </ClCompile>
    <ClCompile Include="9252.cpp">
      <Filter>소스 파일</Filter>
    </ClCompile>
    <ClCompile Include="1958.cpp">
      <Filter>소스 파일</Filter>
    </ClCompile>
    <ClCompile Include="3793.cpp">
      <Filter>소스 파일</Filter>
    </ClCompile>
    <ClCompile Include="11053_2.cpp">
      <Filter>소스 파일</Filter>
    </ClCompile>
    <ClCompile Include="12015.cpp">
      <Filter>소스 파일</Filter>
    </ClCompile>
    <ClCompile Include="12738.cpp">
      <Filter>소스 파일</Filter>
    </ClCompile>
    <ClCompile Include="14002.cpp">
      <Filter>소스 파일</Filter>
    </ClCompile>
    <ClCompile Include="14003.cpp">
      <Filter>소스 파일</Filter>
    </ClCompile>
    <ClCompile Include="2352.cpp">
      <Filter>소스 파일</Filter>
    </ClCompile>
    <ClCompile Include="2565.cpp">
      <Filter>소스 파일</Filter>
    </ClCompile>
    <ClCompile Include="1365.cpp">
      <Filter>소스 파일</Filter>
    </ClCompile>
    <ClCompile Include="2568.cpp">
      <Filter>소스 파일</Filter>
    </ClCompile>
    <ClCompile Include="bin3.cpp">
      <Filter>소스 파일\programmers</Filter>
    </ClCompile>
    <ClCompile Include="line1.cpp">
      <Filter>소스 파일\lineplus</Filter>
    </ClCompile>
    <ClCompile Include="line2.cpp">
      <Filter>소스 파일\lineplus</Filter>
    </ClCompile>
    <ClCompile Include="line3.cpp">
      <Filter>소스 파일\lineplus</Filter>
    </ClCompile>
    <ClCompile Include="line4.cpp">
      <Filter>소스 파일\lineplus</Filter>
    </ClCompile>
    <ClCompile Include="line5.cpp">
      <Filter>소스 파일\lineplus</Filter>
    </ClCompile>
    <ClCompile Include="line6.cpp">
      <Filter>소스 파일\lineplus</Filter>
    </ClCompile>
    <ClCompile Include="SW2019_1.cpp">
      <Filter>소스 파일\programmers</Filter>
    </ClCompile>
    <ClCompile Include="SW2019_2.cpp">
      <Filter>소스 파일\programmers</Filter>
    </ClCompile>
    <ClCompile Include="SW2019_3.cpp">
      <Filter>소스 파일\programmers</Filter>
    </ClCompile>
  </ItemGroup>
</Project>